{
  "name": "get-config",
  "version": "1.0.1",
  "lockfileVersion": 1,
  "requires": true,
  "dependencies": {
    "clone-function": {
      "version": "1.0.6",
      "resolved": "https://registry.npmjs.org/clone-function/-/clone-function-1.0.6.tgz",
      "integrity": "sha1-QoRxk3dQvKnEjsv7wW9uIy90oD0="
    },
    "minimist": {
      "version": "1.2.6",
      "resolved": "https://registry.npmjs.org/minimist/-/minimist-1.2.6.tgz",
      "integrity": "sha512-Jsjnk4bw3YJqYzbdyBiNsPWHPfO++UGG749Cxs6peCu5Xg4nrena6OVxOYxrQTqww0Jmwt+Ref8rggumkTLz9Q=="
    },
    "object-foreach": {
      "version": "0.1.2",
      "resolved": "https://registry.npmjs.org/object-foreach/-/object-foreach-0.1.2.tgz",
      "integrity": "sha1-10IcW0DjtqPvV6xiQ2jSHY+NLew="
    },
    "object-merge": {
      "version": "2.5.1",
      "resolved": "https://registry.npmjs.org/object-merge/-/object-merge-2.5.1.tgz",
      "integrity": "sha1-B36JFc446nKUeIRIxd0znjTfQic=",
      "requires": {
        "clone-function": ">=1.0.1",
        "object-foreach": ">=0.1.2"
      }
    }
  }
}
